
Microsoft Visual Studio Solution File, Format Version 12.00
# Visual Studio Version 17
VisualStudioVersion = 17.3.32901.215
MinimumVisualStudioVersion = 10.0.40219.1
Project("{9A19103F-16F7-4668-BE54-9A1E7A4F7556}") = "OefeningenLes3", "OefeningenLes3\OefeningenLes3.csproj", "{682F2232-CED8-4C7B-8F90-BAB94C17CB37}"
EndProject
Project("{FAE04EC0-301F-11D3-BF4B-00C04F79EFBC}") = "OefeningenLes3_3Door", "OefeningenLes3_3Door\OefeningenLes3_3Door.csproj", "{665F7E09-4105-47A6-A4C8-8C2C3E6A5428}"
EndProject
Global
	GlobalSection(SolutionConfigurationPlatforms) = preSolution
		Debug|Any CPU = Debug|Any CPU
		Release|Any CPU = Release|Any CPU
	EndGlobalSection
	GlobalSection(ProjectConfigurationPlatforms) = postSolution
		{682F2232-CED8-4C7B-8F90-BAB94C17CB37}.Debug|Any CPU.ActiveCfg = Debug|Any CPU
		{682F2232-CED8-4C7B-8F90-BAB94C17CB37}.Debug|Any CPU.Build.0 = Debug|Any CPU
		{682F2232-CED8-4C7B-8F90-BAB94C17CB37}.Release|Any CPU.ActiveCfg = Release|Any CPU
		{682F2232-CED8-4C7B-8F90-BAB94C17CB37}.Release|Any CPU.Build.0 = Release|Any CPU
		{665F7E09-4105-47A6-A4C8-8C2C3E6A5428}.Debug|Any CPU.ActiveCfg = Debug|Any CPU
		{665F7E09-4105-47A6-A4C8-8C2C3E6A5428}.Debug|Any CPU.Build.0 = Debug|Any CPU
		{665F7E09-4105-47A6-A4C8-8C2C3E6A5428}.Release|Any CPU.ActiveCfg = Release|Any CPU
		{665F7E09-4105-47A6-A4C8-8C2C3E6A5428}.Release|Any CPU.Build.0 = Release|Any CPU
	EndGlobalSection
	GlobalSection(SolutionProperties) = preSolution
		HideSolutionNode = FALSE
	EndGlobalSection
	GlobalSection(ExtensibilityGlobals) = postSolution
		SolutionGuid = {89BD2A77-495B-4F15-A367-126287723FB3}
	EndGlobalSection
EndGlobal
