
Microsoft Visual Studio Solution File, Format Version 12.00
# Visual Studio Version 16
VisualStudioVersion = 16.0.30503.244
MinimumVisualStudioVersion = 10.0.40219.1
Project("{FAE04EC0-301F-11D3-BF4B-00C04F79EFBC}") = "Oefening1", "Oefening1\Oefening1.csproj", "{8AC5442D-E61D-4A20-8806-6BDBC8FBD586}"
EndProject
Project("{FAE04EC0-301F-11D3-BF4B-00C04F79EFBC}") = "Oefening2", "Oefening2\Oefening2.csproj", "{B6207153-099A-4AE8-8098-8EC0ACDA8427}"
EndProject
Global
	GlobalSection(SolutionConfigurationPlatforms) = preSolution
		Debug|Any CPU = Debug|Any CPU
		Release|Any CPU = Release|Any CPU
	EndGlobalSection
	GlobalSection(ProjectConfigurationPlatforms) = postSolution
		{8AC5442D-E61D-4A20-8806-6BDBC8FBD586}.Debug|Any CPU.ActiveCfg = Debug|Any CPU
		{8AC5442D-E61D-4A20-8806-6BDBC8FBD586}.Debug|Any CPU.Build.0 = Debug|Any CPU
		{8AC5442D-E61D-4A20-8806-6BDBC8FBD586}.Release|Any CPU.ActiveCfg = Release|Any CPU
		{8AC5442D-E61D-4A20-8806-6BDBC8FBD586}.Release|Any CPU.Build.0 = Release|Any CPU
		{B6207153-099A-4AE8-8098-8EC0ACDA8427}.Debug|Any CPU.ActiveCfg = Debug|Any CPU
		{B6207153-099A-4AE8-8098-8EC0ACDA8427}.Debug|Any CPU.Build.0 = Debug|Any CPU
		{B6207153-099A-4AE8-8098-8EC0ACDA8427}.Release|Any CPU.ActiveCfg = Release|Any CPU
		{B6207153-099A-4AE8-8098-8EC0ACDA8427}.Release|Any CPU.Build.0 = Release|Any CPU
	EndGlobalSection
	GlobalSection(SolutionProperties) = preSolution
		HideSolutionNode = FALSE
	EndGlobalSection
	GlobalSection(ExtensibilityGlobals) = postSolution
		SolutionGuid = {1B12B67F-82AC-4D18-80FA-F3AA5C6CF544}
	EndGlobalSection
EndGlobal
