
Microsoft Visual Studio Solution File, Format Version 12.00
# Visual Studio Version 17
VisualStudioVersion = 17.3.32901.215
MinimumVisualStudioVersion = 10.0.40219.1
Project("{FAE04EC0-301F-11D3-BF4B-00C04F79EFBC}") = "WVC_MD2", "WVC_MD2\WVC_MD2.csproj", "{132D7BBA-8F76-4E1B-8A06-CAAE1EF9C26A}"
EndProject
Global
	GlobalSection(SolutionConfigurationPlatforms) = preSolution
		Debug|Any CPU = Debug|Any CPU
		Release|Any CPU = Release|Any CPU
	EndGlobalSection
	GlobalSection(ProjectConfigurationPlatforms) = postSolution
		{132D7BBA-8F76-4E1B-8A06-CAAE1EF9C26A}.Debug|Any CPU.ActiveCfg = Debug|Any CPU
		{132D7BBA-8F76-4E1B-8A06-CAAE1EF9C26A}.Debug|Any CPU.Build.0 = Debug|Any CPU
		{132D7BBA-8F76-4E1B-8A06-CAAE1EF9C26A}.Release|Any CPU.ActiveCfg = Release|Any CPU
		{132D7BBA-8F76-4E1B-8A06-CAAE1EF9C26A}.Release|Any CPU.Build.0 = Release|Any CPU
	EndGlobalSection
	GlobalSection(SolutionProperties) = preSolution
		HideSolutionNode = FALSE
	EndGlobalSection
	GlobalSection(ExtensibilityGlobals) = postSolution
		SolutionGuid = {607DB9D6-BCD0-44D9-A8E2-2236249FF796}
	EndGlobalSection
EndGlobal
