
Microsoft Visual Studio Solution File, Format Version 12.00
# Visual Studio Version 16
VisualStudioVersion = 16.0.30503.244
MinimumVisualStudioVersion = 10.0.40219.1
Project("{FAE04EC0-301F-11D3-BF4B-00C04F79EFBC}") = "Oefening1", "Oefening1\Oefening1.csproj", "{7CE517B3-AF68-4521-99C8-B692CF15D669}"
EndProject
Project("{FAE04EC0-301F-11D3-BF4B-00C04F79EFBC}") = "Oefening1_uitbreinding", "Oefening1_uitbreinding\Oefening1_uitbreinding.csproj", "{D4ADF6CE-58A9-4A22-BE8D-06105E1A13EE}"
EndProject
Project("{FAE04EC0-301F-11D3-BF4B-00C04F79EFBC}") = "Oefening2", "Oefening2\Oefening2.csproj", "{56066008-C833-4268-BD88-7C6660CD1E76}"
EndProject
Global
	GlobalSection(SolutionConfigurationPlatforms) = preSolution
		Debug|Any CPU = Debug|Any CPU
		Release|Any CPU = Release|Any CPU
	EndGlobalSection
	GlobalSection(ProjectConfigurationPlatforms) = postSolution
		{7CE517B3-AF68-4521-99C8-B692CF15D669}.Debug|Any CPU.ActiveCfg = Debug|Any CPU
		{7CE517B3-AF68-4521-99C8-B692CF15D669}.Debug|Any CPU.Build.0 = Debug|Any CPU
		{7CE517B3-AF68-4521-99C8-B692CF15D669}.Release|Any CPU.ActiveCfg = Release|Any CPU
		{7CE517B3-AF68-4521-99C8-B692CF15D669}.Release|Any CPU.Build.0 = Release|Any CPU
		{D4ADF6CE-58A9-4A22-BE8D-06105E1A13EE}.Debug|Any CPU.ActiveCfg = Debug|Any CPU
		{D4ADF6CE-58A9-4A22-BE8D-06105E1A13EE}.Debug|Any CPU.Build.0 = Debug|Any CPU
		{D4ADF6CE-58A9-4A22-BE8D-06105E1A13EE}.Release|Any CPU.ActiveCfg = Release|Any CPU
		{D4ADF6CE-58A9-4A22-BE8D-06105E1A13EE}.Release|Any CPU.Build.0 = Release|Any CPU
		{56066008-C833-4268-BD88-7C6660CD1E76}.Debug|Any CPU.ActiveCfg = Debug|Any CPU
		{56066008-C833-4268-BD88-7C6660CD1E76}.Debug|Any CPU.Build.0 = Debug|Any CPU
		{56066008-C833-4268-BD88-7C6660CD1E76}.Release|Any CPU.ActiveCfg = Release|Any CPU
		{56066008-C833-4268-BD88-7C6660CD1E76}.Release|Any CPU.Build.0 = Release|Any CPU
	EndGlobalSection
	GlobalSection(SolutionProperties) = preSolution
		HideSolutionNode = FALSE
	EndGlobalSection
	GlobalSection(ExtensibilityGlobals) = postSolution
		SolutionGuid = {E9713E0C-108A-41EF-BAC2-D6F3F4A43E81}
	EndGlobalSection
EndGlobal
