
Microsoft Visual Studio Solution File, Format Version 12.00
# Visual Studio Version 17
VisualStudioVersion = 17.3.32901.215
MinimumVisualStudioVersion = 10.0.40219.1
Project("{FAE04EC0-301F-11D3-BF4B-00C04F79EFBC}") = "Rekenen", "Rekenen\Rekenen.csproj", "{CA641407-1BE0-4D67-AD18-31D5E94AAB0D}"
EndProject
Project("{FAE04EC0-301F-11D3-BF4B-00C04F79EFBC}") = "RekenenTests", "RekenenTests\RekenenTests.csproj", "{007D818A-8262-4CC9-BAD2-D38E6BD9A388}"
EndProject
Global
	GlobalSection(SolutionConfigurationPlatforms) = preSolution
		Debug|Any CPU = Debug|Any CPU
		Release|Any CPU = Release|Any CPU
	EndGlobalSection
	GlobalSection(ProjectConfigurationPlatforms) = postSolution
		{CA641407-1BE0-4D67-AD18-31D5E94AAB0D}.Debug|Any CPU.ActiveCfg = Debug|Any CPU
		{CA641407-1BE0-4D67-AD18-31D5E94AAB0D}.Debug|Any CPU.Build.0 = Debug|Any CPU
		{CA641407-1BE0-4D67-AD18-31D5E94AAB0D}.Release|Any CPU.ActiveCfg = Release|Any CPU
		{CA641407-1BE0-4D67-AD18-31D5E94AAB0D}.Release|Any CPU.Build.0 = Release|Any CPU
		{007D818A-8262-4CC9-BAD2-D38E6BD9A388}.Debug|Any CPU.ActiveCfg = Debug|Any CPU
		{007D818A-8262-4CC9-BAD2-D38E6BD9A388}.Debug|Any CPU.Build.0 = Debug|Any CPU
		{007D818A-8262-4CC9-BAD2-D38E6BD9A388}.Release|Any CPU.ActiveCfg = Release|Any CPU
		{007D818A-8262-4CC9-BAD2-D38E6BD9A388}.Release|Any CPU.Build.0 = Release|Any CPU
	EndGlobalSection
	GlobalSection(SolutionProperties) = preSolution
		HideSolutionNode = FALSE
	EndGlobalSection
	GlobalSection(ExtensibilityGlobals) = postSolution
		SolutionGuid = {1D1BE73C-09C2-474B-89C3-9298DB287A29}
	EndGlobalSection
EndGlobal
