
Microsoft Visual Studio Solution File, Format Version 12.00
# Visual Studio Version 17
VisualStudioVersion = 17.3.32901.215
MinimumVisualStudioVersion = 10.0.40219.1
Project("{FAE04EC0-301F-11D3-BF4B-00C04F79EFBC}") = "Oefening1Logger", "Oefening1Logger\Oefening1Logger.csproj", "{E8359FB4-D5AD-4EFD-A50B-8A694C15F10C}"
EndProject
Global
	GlobalSection(SolutionConfigurationPlatforms) = preSolution
		Debug|Any CPU = Debug|Any CPU
		Release|Any CPU = Release|Any CPU
	EndGlobalSection
	GlobalSection(ProjectConfigurationPlatforms) = postSolution
		{E8359FB4-D5AD-4EFD-A50B-8A694C15F10C}.Debug|Any CPU.ActiveCfg = Debug|Any CPU
		{E8359FB4-D5AD-4EFD-A50B-8A694C15F10C}.Debug|Any CPU.Build.0 = Debug|Any CPU
		{E8359FB4-D5AD-4EFD-A50B-8A694C15F10C}.Release|Any CPU.ActiveCfg = Release|Any CPU
		{E8359FB4-D5AD-4EFD-A50B-8A694C15F10C}.Release|Any CPU.Build.0 = Release|Any CPU
	EndGlobalSection
	GlobalSection(SolutionProperties) = preSolution
		HideSolutionNode = FALSE
	EndGlobalSection
	GlobalSection(ExtensibilityGlobals) = postSolution
		SolutionGuid = {18ED4CEC-E403-4075-AE16-D1CAA9A2DB81}
	EndGlobalSection
EndGlobal
