
Microsoft Visual Studio Solution File, Format Version 12.00
# Visual Studio Version 17
VisualStudioVersion = 17.3.32901.215
MinimumVisualStudioVersion = 10.0.40219.1
Project("{FAE04EC0-301F-11D3-BF4B-00C04F79EFBC}") = "CSharpOverViewWPF", "CSharpOverViewWPF\CSharpOverViewWPF.csproj", "{DE5EB7F9-B230-40D1-ABF5-C2E91159EB0E}"
EndProject
Project("{9A19103F-16F7-4668-BE54-9A1E7A4F7556}") = "MVVM_klassikaal", "MVVM_klassikaal\MVVM_klassikaal.csproj", "{CE84EA4B-9459-4629-9FCE-C16539FE8E90}"
EndProject
Project("{9A19103F-16F7-4668-BE54-9A1E7A4F7556}") = "MVC_Klas", "MVC_Klas\MVC_Klas.csproj", "{C722C0CD-31F8-454C-A390-E9842B9998ED}"
EndProject
Project("{9A19103F-16F7-4668-BE54-9A1E7A4F7556}") = "MVC_Repository", "MVC_Repository\MVC_Repository.csproj", "{9C08CF6F-2950-4366-A7BE-EAB7C61CBEFE}"
EndProject
Project("{9A19103F-16F7-4668-BE54-9A1E7A4F7556}") = "TransactieLogic", "TransactieLogic\TransactieLogic.csproj", "{E8F7F93E-4561-4B41-A6F5-CF844ED263DA}"
EndProject
Project("{9A19103F-16F7-4668-BE54-9A1E7A4F7556}") = "TransLogicTests", "TransLogicTests\TransLogicTests.csproj", "{C64020E0-DDB7-4824-A854-44FC1C5135F5}"
EndProject
Global
	GlobalSection(SolutionConfigurationPlatforms) = preSolution
		Debug|Any CPU = Debug|Any CPU
		Release|Any CPU = Release|Any CPU
	EndGlobalSection
	GlobalSection(ProjectConfigurationPlatforms) = postSolution
		{DE5EB7F9-B230-40D1-ABF5-C2E91159EB0E}.Debug|Any CPU.ActiveCfg = Debug|Any CPU
		{DE5EB7F9-B230-40D1-ABF5-C2E91159EB0E}.Debug|Any CPU.Build.0 = Debug|Any CPU
		{DE5EB7F9-B230-40D1-ABF5-C2E91159EB0E}.Release|Any CPU.ActiveCfg = Release|Any CPU
		{DE5EB7F9-B230-40D1-ABF5-C2E91159EB0E}.Release|Any CPU.Build.0 = Release|Any CPU
		{CE84EA4B-9459-4629-9FCE-C16539FE8E90}.Debug|Any CPU.ActiveCfg = Debug|Any CPU
		{CE84EA4B-9459-4629-9FCE-C16539FE8E90}.Debug|Any CPU.Build.0 = Debug|Any CPU
		{CE84EA4B-9459-4629-9FCE-C16539FE8E90}.Release|Any CPU.ActiveCfg = Release|Any CPU
		{CE84EA4B-9459-4629-9FCE-C16539FE8E90}.Release|Any CPU.Build.0 = Release|Any CPU
		{C722C0CD-31F8-454C-A390-E9842B9998ED}.Debug|Any CPU.ActiveCfg = Debug|Any CPU
		{C722C0CD-31F8-454C-A390-E9842B9998ED}.Debug|Any CPU.Build.0 = Debug|Any CPU
		{C722C0CD-31F8-454C-A390-E9842B9998ED}.Release|Any CPU.ActiveCfg = Release|Any CPU
		{C722C0CD-31F8-454C-A390-E9842B9998ED}.Release|Any CPU.Build.0 = Release|Any CPU
		{9C08CF6F-2950-4366-A7BE-EAB7C61CBEFE}.Debug|Any CPU.ActiveCfg = Debug|Any CPU
		{9C08CF6F-2950-4366-A7BE-EAB7C61CBEFE}.Debug|Any CPU.Build.0 = Debug|Any CPU
		{9C08CF6F-2950-4366-A7BE-EAB7C61CBEFE}.Release|Any CPU.ActiveCfg = Release|Any CPU
		{9C08CF6F-2950-4366-A7BE-EAB7C61CBEFE}.Release|Any CPU.Build.0 = Release|Any CPU
		{E8F7F93E-4561-4B41-A6F5-CF844ED263DA}.Debug|Any CPU.ActiveCfg = Debug|Any CPU
		{E8F7F93E-4561-4B41-A6F5-CF844ED263DA}.Debug|Any CPU.Build.0 = Debug|Any CPU
		{E8F7F93E-4561-4B41-A6F5-CF844ED263DA}.Release|Any CPU.ActiveCfg = Release|Any CPU
		{E8F7F93E-4561-4B41-A6F5-CF844ED263DA}.Release|Any CPU.Build.0 = Release|Any CPU
		{C64020E0-DDB7-4824-A854-44FC1C5135F5}.Debug|Any CPU.ActiveCfg = Debug|Any CPU
		{C64020E0-DDB7-4824-A854-44FC1C5135F5}.Debug|Any CPU.Build.0 = Debug|Any CPU
		{C64020E0-DDB7-4824-A854-44FC1C5135F5}.Release|Any CPU.ActiveCfg = Release|Any CPU
		{C64020E0-DDB7-4824-A854-44FC1C5135F5}.Release|Any CPU.Build.0 = Release|Any CPU
	EndGlobalSection
	GlobalSection(SolutionProperties) = preSolution
		HideSolutionNode = FALSE
	EndGlobalSection
	GlobalSection(ExtensibilityGlobals) = postSolution
		SolutionGuid = {B3D1CEAB-D837-46B9-AD5D-DAEAF7D2D352}
	EndGlobalSection
EndGlobal
