
Microsoft Visual Studio Solution File, Format Version 12.00
# Visual Studio Version 16
VisualStudioVersion = 16.0.31019.35
MinimumVisualStudioVersion = 10.0.40219.1
Project("{9A19103F-16F7-4668-BE54-9A1E7A4F7556}") = "Oefening2", "Oefening2\Oefening2.csproj", "{0DBD4921-B0FD-41B3-B2DD-B73F1D6E07C3}"
EndProject
Project("{9A19103F-16F7-4668-BE54-9A1E7A4F7556}") = "Oefening1", "Oefening1\Oefening1.csproj", "{19E32A82-8CC9-4D72-853C-DB322631C5F4}"
EndProject
Global
	GlobalSection(SolutionConfigurationPlatforms) = preSolution
		Debug|Any CPU = Debug|Any CPU
		Release|Any CPU = Release|Any CPU
	EndGlobalSection
	GlobalSection(ProjectConfigurationPlatforms) = postSolution
		{0DBD4921-B0FD-41B3-B2DD-B73F1D6E07C3}.Debug|Any CPU.ActiveCfg = Debug|Any CPU
		{0DBD4921-B0FD-41B3-B2DD-B73F1D6E07C3}.Debug|Any CPU.Build.0 = Debug|Any CPU
		{0DBD4921-B0FD-41B3-B2DD-B73F1D6E07C3}.Release|Any CPU.ActiveCfg = Release|Any CPU
		{0DBD4921-B0FD-41B3-B2DD-B73F1D6E07C3}.Release|Any CPU.Build.0 = Release|Any CPU
		{19E32A82-8CC9-4D72-853C-DB322631C5F4}.Debug|Any CPU.ActiveCfg = Debug|Any CPU
		{19E32A82-8CC9-4D72-853C-DB322631C5F4}.Debug|Any CPU.Build.0 = Debug|Any CPU
		{19E32A82-8CC9-4D72-853C-DB322631C5F4}.Release|Any CPU.ActiveCfg = Release|Any CPU
		{19E32A82-8CC9-4D72-853C-DB322631C5F4}.Release|Any CPU.Build.0 = Release|Any CPU
	EndGlobalSection
	GlobalSection(SolutionProperties) = preSolution
		HideSolutionNode = FALSE
	EndGlobalSection
	GlobalSection(ExtensibilityGlobals) = postSolution
		SolutionGuid = {B4500173-B763-48DE-B124-23573C934641}
	EndGlobalSection
EndGlobal
