
Microsoft Visual Studio Solution File, Format Version 12.00
# Visual Studio Version 17
VisualStudioVersion = 17.3.32901.215
MinimumVisualStudioVersion = 10.0.40219.1
Project("{FAE04EC0-301F-11D3-BF4B-00C04F79EFBC}") = "Oefening2Repository", "Oefening2Repository\Oefening2Repository.csproj", "{6B597139-753E-4095-8BFD-8A7980C9B4E1}"
EndProject
Global
	GlobalSection(SolutionConfigurationPlatforms) = preSolution
		Debug|Any CPU = Debug|Any CPU
		Release|Any CPU = Release|Any CPU
	EndGlobalSection
	GlobalSection(ProjectConfigurationPlatforms) = postSolution
		{6B597139-753E-4095-8BFD-8A7980C9B4E1}.Debug|Any CPU.ActiveCfg = Debug|Any CPU
		{6B597139-753E-4095-8BFD-8A7980C9B4E1}.Debug|Any CPU.Build.0 = Debug|Any CPU
		{6B597139-753E-4095-8BFD-8A7980C9B4E1}.Release|Any CPU.ActiveCfg = Release|Any CPU
		{6B597139-753E-4095-8BFD-8A7980C9B4E1}.Release|Any CPU.Build.0 = Release|Any CPU
	EndGlobalSection
	GlobalSection(SolutionProperties) = preSolution
		HideSolutionNode = FALSE
	EndGlobalSection
	GlobalSection(ExtensibilityGlobals) = postSolution
		SolutionGuid = {E599E6EF-BB0B-4E0C-9D24-9A362D11A906}
	EndGlobalSection
EndGlobal
