
Microsoft Visual Studio Solution File, Format Version 12.00
# Visual Studio Version 16
VisualStudioVersion = 16.0.30204.135
MinimumVisualStudioVersion = 10.0.40219.1
Project("{FAE04EC0-301F-11D3-BF4B-00C04F79EFBC}") = "Examenopdracht", "Examenopdracht.csproj", "{C1A938E2-624C-45F2-BEB0-CD05276B7BCF}"
EndProject
Global
	GlobalSection(SolutionConfigurationPlatforms) = preSolution
		Debug|Any CPU = Debug|Any CPU
		Release|Any CPU = Release|Any CPU
	EndGlobalSection
	GlobalSection(ProjectConfigurationPlatforms) = postSolution
		{C1A938E2-624C-45F2-BEB0-CD05276B7BCF}.Debug|Any CPU.ActiveCfg = Debug|Any CPU
		{C1A938E2-624C-45F2-BEB0-CD05276B7BCF}.Debug|Any CPU.Build.0 = Debug|Any CPU
		{C1A938E2-624C-45F2-BEB0-CD05276B7BCF}.Release|Any CPU.ActiveCfg = Release|Any CPU
		{C1A938E2-624C-45F2-BEB0-CD05276B7BCF}.Release|Any CPU.Build.0 = Release|Any CPU
	EndGlobalSection
	GlobalSection(SolutionProperties) = preSolution
		HideSolutionNode = FALSE
	EndGlobalSection
	GlobalSection(ExtensibilityGlobals) = postSolution
		SolutionGuid = {7FDC97B1-34AC-4A8D-9586-097AFB2BDAB5}
	EndGlobalSection
EndGlobal
